
Microsoft Visual Studio Solution File, Format Version 12.00
# Visual Studio Version 16
VisualStudioVersion = 16.0.30503.244
MinimumVisualStudioVersion = 10.0.40219.1
Project("{FAE04EC0-301F-11D3-BF4B-00C04F79EFBC}") = "homework10", "homework10\homework10.csproj", "{8E5FDCAE-E939-40E6-B919-DB300D6C7675}"
EndProject
Global
	GlobalSection(SolutionConfigurationPlatforms) = preSolution
		Debug|Any CPU = Debug|Any CPU
		Release|Any CPU = Release|Any CPU
	EndGlobalSection
	GlobalSection(ProjectConfigurationPlatforms) = postSolution
		{8E5FDCAE-E939-40E6-B919-DB300D6C7675}.Debug|Any CPU.ActiveCfg = Debug|Any CPU
		{8E5FDCAE-E939-40E6-B919-DB300D6C7675}.Debug|Any CPU.Build.0 = Debug|Any CPU
		{8E5FDCAE-E939-40E6-B919-DB300D6C7675}.Release|Any CPU.ActiveCfg = Release|Any CPU
		{8E5FDCAE-E939-40E6-B919-DB300D6C7675}.Release|Any CPU.Build.0 = Release|Any CPU
	EndGlobalSection
	GlobalSection(SolutionProperties) = preSolution
		HideSolutionNode = FALSE
	EndGlobalSection
	GlobalSection(ExtensibilityGlobals) = postSolution
		SolutionGuid = {A3DC5681-997E-43DB-9011-6E8815716450}
	EndGlobalSection
EndGlobal
